
Microsoft Visual Studio Solution File, Format Version 12.00
# Visual Studio 15
VisualStudioVersion = 15.0.28010.2046
MinimumVisualStudioVersion = 10.0.40219.1
Project("{FAE04EC0-301F-11D3-BF4B-00C04F79EFBC}") = "LR1_Final", "LR1_Final\LR1_Final.csproj", "{AAB5F1C9-CB87-4A83-AF8B-CF91ECEEA763}"
EndProject
Global
	GlobalSection(SolutionConfigurationPlatforms) = preSolution
		Debug|Any CPU = Debug|Any CPU
		Release|Any CPU = Release|Any CPU
	EndGlobalSection
	GlobalSection(ProjectConfigurationPlatforms) = postSolution
		{AAB5F1C9-CB87-4A83-AF8B-CF91ECEEA763}.Debug|Any CPU.ActiveCfg = Debug|Any CPU
		{AAB5F1C9-CB87-4A83-AF8B-CF91ECEEA763}.Debug|Any CPU.Build.0 = Debug|Any CPU
		{AAB5F1C9-CB87-4A83-AF8B-CF91ECEEA763}.Release|Any CPU.ActiveCfg = Release|Any CPU
		{AAB5F1C9-CB87-4A83-AF8B-CF91ECEEA763}.Release|Any CPU.Build.0 = Release|Any CPU
	EndGlobalSection
	GlobalSection(SolutionProperties) = preSolution
		HideSolutionNode = FALSE
	EndGlobalSection
	GlobalSection(ExtensibilityGlobals) = postSolution
		SolutionGuid = {BB17B115-63A8-40E7-B846-8666612927C3}
	EndGlobalSection
EndGlobal
